// !$*UTF8*$!
{
	archiveVersion = 1;
	classes = {
	};
	objectVersion = 50;
	objects = {

/* Begin PBXBuildFile section */
		3227861125C0440000623B54 /* AppDelegate.swift in Sources */ = {isa = PBXBuildFile; fileRef = 3227861025C0440000623B54 /* AppDelegate.swift */; };
		3227861325C0440000623B54 /* SceneDelegate.swift in Sources */ = {isa = PBXBuildFile; fileRef = 3227861225C0440000623B54 /* SceneDelegate.swift */; };
		3227861525C0440000623B54 /* ViewController.swift in Sources */ = {isa = PBXBuildFile; fileRef = 3227861425C0440000623B54 /* ViewController.swift */; };
		3227861825C0440000623B54 /* Main.storyboard in Resources */ = {isa = PBXBuildFile; fileRef = 3227861625C0440000623B54 /* Main.storyboard */; };
		3227861A25C0440800623B54 /* Assets.xcassets in Resources */ = {isa = PBXBuildFile; fileRef = 3227861925C0440800623B54 /* Assets.xcassets */; };
		3227861D25C0440800623B54 /* LaunchScreen.storyboard in Resources */ = {isa = PBXBuildFile; fileRef = 3227861B25C0440800623B54 /* LaunchScreen.storyboard */; };
/* End PBXBuildFile section */

/* Begin PBXFileReference section */
		3227860D25C0440000623B54 /* A1_iOS_Sanjay_c0788252.app */ = {isa = PBXFileReference; explicitFileType = wrapper.application; includeInIndex = 0; path = A1_iOS_Sanjay_c0788252.app; sourceTree = BUILT_PRODUCTS_DIR; };
		3227861025C0440000623B54 /* AppDelegate.swift */ = {isa = PBXFileReference; lastKnownFileType = sourcecode.swift; path = AppDelegate.swift; sourceTree = "<group>"; };
		3227861225C0440000623B54 /* SceneDelegate.swift */ = {isa = PBXFileReference; lastKnownFileType = sourcecode.swift; path = SceneDelegate.swift; sourceTree = "<group>"; };
		3227861425C0440000623B54 /* ViewController.swift */ = {isa = PBXFileReference; lastKnownFileType = sourcecode.swift; path = ViewController.swift; sourceTree = "<group>"; };
		3227861725C0440000623B54 /* Base */ = {isa = PBXFileReference; lastKnownFileType = file.storyboard; name = Base; path = Base.lproj/Main.storyboard; sourceTree = "<group>"; };
		3227861925C0440800623B54 /* Assets.xcassets */ = {isa = PBXFileReference; lastKnownFileType = folder.assetcatalog; path = Assets.xcassets; sourceTree = "<group>"; };
		3227861C25C0440800623B54 /* Base */ = {isa = PBXFileReference; lastKnownFileType = file.storyboard; name = Base; path = Base.lproj/LaunchScreen.storyboard; sourceTree = "<group>"; };
		3227861E25C0440800623B54 /* Info.plist */ = {isa = PBXFileReference; lastKnownFileType = text.plist.xml; path = Info.plist; sourceTree = "<group>"; };
/* End PBXFileReference section */

/* Begin PBXFrameworksBuildPhase section */
		3227860A25C0440000623B54 /* Frameworks */ = {
			isa = PBXFrameworksBuildPhase;
			buildActionMask = 2147483647;
			files = (
			);
			runOnlyForDeploymentPostprocessing = 0;
		};
/* End PBXFrameworksBuildPhase section */

/* Begin PBXGroup section */
		3227860425C0440000623B54 = {
			isa = PBXGroup;
			children = (
				3227860F25C0440000623B54 /* A1_iOS_Sanjay_c0788252 */,
				3227860E25C0440000623B54 /* Products */,
			);
			sourceTree = "<group>";
		};
		3227860E25C0440000623B54 /* Products */ = {
			isa = PBXGroup;
			children = (
				3227860D25C0440000623B54 /* A1_iOS_Sanjay_c0788252.app */,
			);
			name = Products;
			sourceTree = "<group>";
		};
		3227860F25C0440000623B54 /* A1_iOS_Sanjay_c0788252 */ = {
			isa = PBXGroup;
			children = (
				3227861025C0440000623B54 /* AppDelegate.swift */,
				3227861225C0440000623B54 /* SceneDelegate.swift */,
				3227861425C0440000623B54 /* ViewController.swift */,
				3227861625C0440000623B54 /* Main.storyboard */,
				3227861925C0440800623B54 /* Assets.xcassets */,
				3227861B25C0440800623B54 /* LaunchScreen.storyboard */,
				3227861E25C0440800623B54 /* Info.plist */,
			);
			path = A1_iOS_Sanjay_c0788252;
			sourceTree = "<group>";
		};
/* End PBXGroup section */

/* Begin PBXNativeTarget section */
		3227860C25C0440000623B54 /* A1_iOS_Sanjay_c0788252 */ = {
			isa = PBXNativeTarget;
			buildConfigurationList = 3227862125C0440800623B54 /* Build configuration list for PBXNativeTarget "A1_iOS_Sanjay_c0788252" */;
			buildPhases = (
				3227860925C0440000623B54 /* Sources */,
				3227860A25C0440000623B54 /* Frameworks */,
				3227860B25C0440000623B54 /* Resources */,
			);
			buildRules = (
			);
			dependencies = (
			);
			name = A1_iOS_Sanjay_c0788252;
			productName = A1_iOS_Sanjay_c0788252;
			productReference = 3227860D25C0440000623B54 /* A1_iOS_Sanjay_c0788252.app */;
			productType = "com.apple.product-type.application";
		};
/* End PBXNativeTarget section */

/* Begin PBXProject section */
		3227860525C0440000623B54 /* Project object */ = {
			isa = PBXProject;
			attributes = {
				LastSwiftUpdateCheck = 1150;
				LastUpgradeCheck = 1150;
				ORGANIZATIONNAME = Sanjay;
				TargetAttributes = {
					3227860C25C0440000623B54 = {
						CreatedOnToolsVersion = 11.5;
					};
				};
			};
			buildConfigurationList = 3227860825C0440000623B54 /* Build configuration list for PBXProject "A1_iOS_Sanjay_c0788252" */;
			compatibilityVersion = "Xcode 9.3";
			developmentRegion = en;
			hasScannedForEncodings = 0;
			knownRegions = (
				en,
				Base,
			);
			mainGroup = 3227860425C0440000623B54;
			productRefGroup = 3227860E25C0440000623B54 /* Products */;
			projectDirPath = "";
			projectRoot = "";
			targets = (
				3227860C25C0440000623B54 /* A1_iOS_Sanjay_c0788252 */,
			);
		};
/* End PBXProject section */

/* Begin PBXResourcesBuildPhase section */
		3227860B25C0440000623B54 /* Resources */ = {
			isa = PBXResourcesBuildPhase;
			buildActionMask = 2147483647;
			files = (
				3227861D25C0440800623B54 /* LaunchScreen.storyboard in Resources */,
				3227861A25C0440800623B54 /* Assets.xcassets in Resources */,
				3227861825C0440000623B54 /* Main.storyboard in Resources */,
			);
			runOnlyForDeploymentPostprocessing = 0;
		};
/* End PBXResourcesBuildPhase section */

/* Begin PBXSourcesBuildPhase section */
		3227860925C0440000623B54 /* Sources */ = {
			isa = PBXSourcesBuildPhase;
			buildActionMask = 2147483647;
			files = (
				3227861525C0440000623B54 /* ViewController.swift in Sources */,
				3227861125C0440000623B54 /* AppDelegate.swift in Sources */,
				3227861325C0440000623B54 /* SceneDelegate.swift in Sources */,
			);
			runOnlyForDeploymentPostprocessing = 0;
		};
/* End PBXSourcesBuildPhase section */

/* Begin PBXVariantGroup section */
		3227861625C0440000623B54 /* Main.storyboard */ = {
			isa = PBXVariantGroup;
			children = (
				3227861725C0440000623B54 /* Base */,
			);
			name = Main.storyboard;
			sourceTree = "<group>";
		};
		3227861B25C0440800623B54 /* LaunchScreen.storyboard */ = {
			isa = PBXVariantGroup;
			children = (
				3227861C25C0440800623B54 /* Base */,
			);
			name = LaunchScreen.storyboard;
			sourceTree = "<group>";
		};
/* End PBXVariantGroup section */

/* Begin XCBuildConfiguration section */
		3227861F25C0440800623B54 /* Debug */ = {
			isa = XCBuildConfiguration;
			buildSettings = {
				ALWAYS_SEARCH_USER_PATHS = NO;
				CLANG_ANALYZER_NONNULL = YES;
				CLANG_ANALYZER_NUMBER_OBJECT_CONVERSION = YES_AGGRESSIVE;
				CLANG_CXX_LANGUAGE_STANDARD = "gnu++14";
				CLANG_CXX_LIBRARY = "libc++";
				CLANG_ENABLE_MODULES = YES;
				CLANG_ENABLE_OBJC_ARC = YES;
				CLANG_ENABLE_OBJC_WEAK = YES;
				CLANG_WARN_BLOCK_CAPTURE_AUTORELEASING = YES;
				CLANG_WARN_BOOL_CONVERSION = YES;
				CLANG_WARN_COMMA = YES;
				CLANG_WARN_CONSTANT_CONVERSION = YES;
				CLANG_WARN_DEPRECATED_OBJC_IMPLEMENTATIONS = YES;
				CLANG_WARN_DIRECT_OBJC_ISA_USAGE = YES_ERROR;
				CLANG_WARN_DOCUMENTATION_COMMENTS = YES;
				CLANG_WARN_EMPTY_BODY = YES;
				CLANG_WARN_ENUM_CONVERSION = YES;
				CLANG_WARN_INFINITE_RECURSION = YES;
				CLANG_WARN_INT_CONVERSION = YES;
				CLANG_WARN_NON_LITERAL_NULL_CONVERSION = YES;
				CLANG_WARN_OBJC_IMPLICIT_RETAIN_SELF = YES;
				CLANG_WARN_OBJC_LITERAL_CONVERSION = YES;
				CLANG_WARN_OBJC_ROOT_CLASS = YES_ERROR;
				CLANG_WARN_RANGE_LOOP_ANALYSIS = YES;
				CLANG_WARN_STRICT_PROTOTYPES = YES;
				CLANG_WARN_SUSPICIOUS_MOVE = YES;
				CLANG_WARN_UNGUARDED_AVAILABILITY = YES_AGGRESSIVE;
				CLANG_WARN_UNREACHABLE_CODE = YES;
				CLANG_WARN__DUPLICATE_METHOD_MATCH = YES;
				COPY_PHASE_STRIP = NO;
				DEBUG_INFORMATION_FORMAT = dwarf;
				ENABLE_STRICT_OBJC_MSGSEND = YES;
				ENABLE_TESTABILITY = YES;
				GCC_C_LANGUAGE_STANDARD = gnu11;
				GCC_DYNAMIC_NO_PIC = NO;
				GCC_NO_COMMON_BLOCKS = YES;
				GCC_OPTIMIZATION_LEVEL = 0;
				GCC_PREPROCESSOR_DEFINITIONS = (
					"DEBUG=1",
					"$(inherited)",
				);
				GCC_WARN_64_TO_32_BIT_CONVERSION = YES;
				GCC_WARN_ABOUT_RETURN_TYPE = YES_ERROR;
				GCC_WARN_UNDECLARED_SELECTOR = YES;
				GCC_WARN_UNINITIALIZED_AUTOS = YES_AGGRESSIVE;
				GCC_WARN_UNUSED_FUNCTION = YES;
				GCC_WARN_UNUSED_VARIABLE = YES;
				IPHONEOS_DEPLOYMENT_TARGET = 13.5;
				MTL_ENABLE_DEBUG_INFO = INCLUDE_SOURCE;
				MTL_FAST_MATH = YES;
				ONLY_ACTIVE_ARCH = YES;
				SDKROOT = iphoneos;
				SWIFT_ACTIVE_COMPILATION_CONDITIONS = DEBUG;
				SWIFT_OPTIMIZATION_LEVEL = "-Onone";
			};
			name = Debug;
		};
		3227862025C0440800623B54 /* Release */ = {
			isa = XCBuildConfiguration;
			buildSettings = {
				ALWAYS_SEARCH_USER_PATHS = NO;
				CLANG_ANALYZER_NONNULL = YES;
				CLANG_ANALYZER_NUMBER_OBJECT_CONVERSION = YES_AGGRESSIVE;
				CLANG_CXX_LANGUAGE_STANDARD = "gnu++14";
				CLANG_CXX_LIBRARY = "libc++";
				CLANG_ENABLE_MODULES = YES;
				CLANG_ENABLE_OBJC_ARC = YES;
				CLANG_ENABLE_OBJC_WEAK = YES;
				CLANG_WARN_BLOCK_CAPTURE_AUTORELEASING = YES;
				CLANG_WARN_BOOL_CONVERSION = YES;
				CLANG_WARN_COMMA = YES;
				CLANG_WARN_CONSTANT_CONVERSION = YES;
				CLANG_WARN_DEPRECATED_OBJC_IMPLEMENTATIONS = YES;
				CLANG_WARN_DIRECT_OBJC_ISA_USAGE = YES_ERROR;
				CLANG_WARN_DOCUMENTATION_COMMENTS = YES;
				CLANG_WARN_EMPTY_BODY = YES;
				CLANG_WARN_ENUM_CONVERSION = YES;
				CLANG_WARN_INFINITE_RECURSION = YES;
				CLANG_WARN_INT_CONVERSION = YES;
				CLANG_WARN_NON_LITERAL_NULL_CONVERSION = YES;
				CLANG_WARN_OBJC_IMPLICIT_RETAIN_SELF = YES;
				CLANG_WARN_OBJC_LITERAL_CONVERSION = YES;
				CLANG_WARN_OBJC_ROOT_CLASS = YES_ERROR;
				CLANG_WARN_RANGE_LOOP_ANALYSIS = YES;
				CLANG_WARN_STRICT_PROTOTYPES = YES;
				CLANG_WARN_SUSPICIOUS_MOVE = YES;
				CLANG_WARN_UNGUARDED_AVAILABILITY = YES_AGGRESSIVE;
				CLANG_WARN_UNREACHABLE_CODE = YES;
				CLANG_WARN__DUPLICATE_METHOD_MATCH = YES;
				COPY_PHASE_STRIP = NO;
				DEBUG_INFORMATION_FORMAT = "dwarf-with-dsym";
				ENABLE_NS_ASSERTIONS = NO;
				ENABLE_STRICT_OBJC_MSGSEND = YES;
				GCC_C_LANGUAGE_STANDARD = gnu11;
				GCC_NO_COMMON_BLOCKS = YES;
				GCC_WARN_64_TO_32_BIT_CONVERSION = YES;
				GCC_WARN_ABOUT_RETURN_TYPE = YES_ERROR;
				GCC_WARN_UNDECLARED_SELECTOR = YES;
				GCC_WARN_UNINITIALIZED_AUTOS = YES_AGGRESSIVE;
				GCC_WARN_UNUSED_FUNCTION = YES;
				GCC_WARN_UNUSED_VARIABLE = YES;
				IPHONEOS_DEPLOYMENT_TARGET = 13.5;
				MTL_ENABLE_DEBUG_INFO = NO;
				MTL_FAST_MATH = YES;
				SDKROOT = iphoneos;
				SWIFT_COMPILATION_MODE = wholemodule;
				SWIFT_OPTIMIZATION_LEVEL = "-O";
				VALIDATE_PRODUCT = YES;
			};
			name = Release;
		};
		3227862225C0440800623B54 /* Debug */ = {
			isa = XCBuildConfiguration;
			buildSettings = {
				ASSETCATALOG_COMPILER_APPICON_NAME = AppIcon;
				CODE_SIGN_STYLE = Automatic;
				INFOPLIST_FILE = A1_iOS_Sanjay_c0788252/Info.plist;
				LD_RUNPATH_SEARCH_PATHS = (
					"$(inherited)",
					"@executable_path/Frameworks",
				);
				PRODUCT_BUNDLE_IDENTIFIER = "com.ios.A1-iOS-Sanjay-c0788252";
				PRODUCT_NAME = "$(TARGET_NAME)";
				SWIFT_VERSION = 5.0;
				TARGETED_DEVICE_FAMILY = "1,2";
			};
			name = Debug;
		};
		3227862325C0440800623B54 /* Release */ = {
			isa = XCBuildConfiguration;
			buildSettings = {
				ASSETCATALOG_COMPILER_APPICON_NAME = AppIcon;
				CODE_SIGN_STYLE = Automatic;
				INFOPLIST_FILE = A1_iOS_Sanjay_c0788252/Info.plist;
				LD_RUNPATH_SEARCH_PATHS = (
					"$(inherited)",
					"@executable_path/Frameworks",
				);
				PRODUCT_BUNDLE_IDENTIFIER = "com.ios.A1-iOS-Sanjay-c0788252";
				PRODUCT_NAME = "$(TARGET_NAME)";
				SWIFT_VERSION = 5.0;
				TARGETED_DEVICE_FAMILY = "1,2";
			};
			name = Release;
		};
/* End XCBuildConfiguration section */

/* Begin XCConfigurationList section */
		3227860825C0440000623B54 /* Build configuration list for PBXProject "A1_iOS_Sanjay_c0788252" */ = {
			isa = XCConfigurationList;
			buildConfigurations = (
				3227861F25C0440800623B54 /* Debug */,
				3227862025C0440800623B54 /* Release */,
			);
			defaultConfigurationIsVisible = 0;
			defaultConfigurationName = Release;
		};
		3227862125C0440800623B54 /* Build configuration list for PBXNativeTarget "A1_iOS_Sanjay_c0788252" */ = {
			isa = XCConfigurationList;
			buildConfigurations = (
				3227862225C0440800623B54 /* Debug */,
				3227862325C0440800623B54 /* Release */,
			);
			defaultConfigurationIsVisible = 0;
			defaultConfigurationName = Release;
		};
/* End XCConfigurationList section */
	};
	rootObject = 3227860525C0440000623B54 /* Project object */;
}
